
Microsoft Visual Studio Solution File, Format Version 11.00
# Visual Studio 2010
Project("{FAE04EC0-301F-11D3-BF4B-00C04F79EFBC}") = "Oars", "Oars\Oars.csproj", "{DD0C9BC5-4181-4ADC-92EB-9E638C9C38A8}"
EndProject
Project("{FAE04EC0-301F-11D3-BF4B-00C04F79EFBC}") = "OarsTests", "OarsTests\OarsTests.csproj", "{66CE5C21-69D5-4AB2-B145-32F1149845BB}"
EndProject
Global
	GlobalSection(SolutionConfigurationPlatforms) = preSolution
		Debug|Any CPU = Debug|Any CPU
		Release|Any CPU = Release|Any CPU
	EndGlobalSection
	GlobalSection(ProjectConfigurationPlatforms) = postSolution
		{DD0C9BC5-4181-4ADC-92EB-9E638C9C38A8}.Debug|Any CPU.ActiveCfg = Debug|Any CPU
		{DD0C9BC5-4181-4ADC-92EB-9E638C9C38A8}.Debug|Any CPU.Build.0 = Debug|Any CPU
		{DD0C9BC5-4181-4ADC-92EB-9E638C9C38A8}.Release|Any CPU.ActiveCfg = Release|Any CPU
		{DD0C9BC5-4181-4ADC-92EB-9E638C9C38A8}.Release|Any CPU.Build.0 = Release|Any CPU
		{66CE5C21-69D5-4AB2-B145-32F1149845BB}.Debug|Any CPU.ActiveCfg = Debug|Any CPU
		{66CE5C21-69D5-4AB2-B145-32F1149845BB}.Debug|Any CPU.Build.0 = Debug|Any CPU
		{66CE5C21-69D5-4AB2-B145-32F1149845BB}.Release|Any CPU.ActiveCfg = Release|Any CPU
		{66CE5C21-69D5-4AB2-B145-32F1149845BB}.Release|Any CPU.Build.0 = Release|Any CPU
	EndGlobalSection
	GlobalSection(SolutionProperties) = preSolution
		HideSolutionNode = FALSE
	EndGlobalSection
	GlobalSection(MonoDevelopProperties) = preSolution
		StartupItem = OarsTests\OarsTests.csproj
	EndGlobalSection
EndGlobal
